
Microsoft Visual Studio Solution File, Format Version 12.00
# Visual Studio 15
VisualStudioVersion = 15.0.27004.2005
MinimumVisualStudioVersion = 10.0.40219.1
Project("{FAE04EC0-301F-11D3-BF4B-00C04F79EFBC}") = "TravelBuddy.WebApp", "TravelBuddy.WebApp\TravelBuddy.WebApp.csproj", "{3D7A6608-F5FE-475C-AEFA-6F5FFF97CA8C}"
EndProject
Project("{FAE04EC0-301F-11D3-BF4B-00C04F79EFBC}") = "TravelBuddy.WebApp.Tests", "TravelBuddy.WebApp.Tests\TravelBuddy.WebApp.Tests.csproj", "{6F954ACC-75E5-48D8-A2D6-BBB22C165C3D}"
EndProject
Project("{FAE04EC0-301F-11D3-BF4B-00C04F79EFBC}") = "TravelBuddy.DesktopApp", "TravelBuddy.DesktopApp\TravelBuddy.DesktopApp.csproj", "{DD8A1DB8-E206-4C03-9777-75DC35DF598C}"
EndProject
Project("{FAE04EC0-301F-11D3-BF4B-00C04F79EFBC}") = "TravelBuddy.Services", "TravelBuddy.Services\TravelBuddy.Services.csproj", "{0EA7BCCE-A2AF-4E17-B437-9A59B6C8E19E}"
EndProject
Project("{FAE04EC0-301F-11D3-BF4B-00C04F79EFBC}") = "TravelBuddy.Models", "TravelBuddy.Models\TravelBuddy.Models.csproj", "{3A7AF60B-4AE2-41E7-8797-33938AE0D5B1}"
EndProject
Project("{FAE04EC0-301F-11D3-BF4B-00C04F79EFBC}") = "TravelBuddy.DAL", "TravelBuddy.DAL\TravelBuddy.DAL.csproj", "{DFE9F24A-48EA-49EA-AA5B-C1E903F9B2F4}"
EndProject
Project("{FAE04EC0-301F-11D3-BF4B-00C04F79EFBC}") = "TravelBuddy.Services.Tests", "TravelBuddy.Services.Tests\TravelBuddy.Services.Tests.csproj", "{A4BD981A-DEAF-493C-8B3F-471A3EBDA4F0}"
EndProject
Global
	GlobalSection(SolutionConfigurationPlatforms) = preSolution
		Debug|Any CPU = Debug|Any CPU
		Release|Any CPU = Release|Any CPU
	EndGlobalSection
	GlobalSection(ProjectConfigurationPlatforms) = postSolution
		{3D7A6608-F5FE-475C-AEFA-6F5FFF97CA8C}.Debug|Any CPU.ActiveCfg = Debug|Any CPU
		{3D7A6608-F5FE-475C-AEFA-6F5FFF97CA8C}.Debug|Any CPU.Build.0 = Debug|Any CPU
		{3D7A6608-F5FE-475C-AEFA-6F5FFF97CA8C}.Release|Any CPU.ActiveCfg = Release|Any CPU
		{3D7A6608-F5FE-475C-AEFA-6F5FFF97CA8C}.Release|Any CPU.Build.0 = Release|Any CPU
		{6F954ACC-75E5-48D8-A2D6-BBB22C165C3D}.Debug|Any CPU.ActiveCfg = Debug|Any CPU
		{6F954ACC-75E5-48D8-A2D6-BBB22C165C3D}.Debug|Any CPU.Build.0 = Debug|Any CPU
		{6F954ACC-75E5-48D8-A2D6-BBB22C165C3D}.Release|Any CPU.ActiveCfg = Release|Any CPU
		{6F954ACC-75E5-48D8-A2D6-BBB22C165C3D}.Release|Any CPU.Build.0 = Release|Any CPU
		{DD8A1DB8-E206-4C03-9777-75DC35DF598C}.Debug|Any CPU.ActiveCfg = Debug|Any CPU
		{DD8A1DB8-E206-4C03-9777-75DC35DF598C}.Debug|Any CPU.Build.0 = Debug|Any CPU
		{DD8A1DB8-E206-4C03-9777-75DC35DF598C}.Release|Any CPU.ActiveCfg = Release|Any CPU
		{DD8A1DB8-E206-4C03-9777-75DC35DF598C}.Release|Any CPU.Build.0 = Release|Any CPU
		{0EA7BCCE-A2AF-4E17-B437-9A59B6C8E19E}.Debug|Any CPU.ActiveCfg = Debug|Any CPU
		{0EA7BCCE-A2AF-4E17-B437-9A59B6C8E19E}.Debug|Any CPU.Build.0 = Debug|Any CPU
		{0EA7BCCE-A2AF-4E17-B437-9A59B6C8E19E}.Release|Any CPU.ActiveCfg = Release|Any CPU
		{0EA7BCCE-A2AF-4E17-B437-9A59B6C8E19E}.Release|Any CPU.Build.0 = Release|Any CPU
		{3A7AF60B-4AE2-41E7-8797-33938AE0D5B1}.Debug|Any CPU.ActiveCfg = Debug|Any CPU
		{3A7AF60B-4AE2-41E7-8797-33938AE0D5B1}.Debug|Any CPU.Build.0 = Debug|Any CPU
		{3A7AF60B-4AE2-41E7-8797-33938AE0D5B1}.Release|Any CPU.ActiveCfg = Release|Any CPU
		{3A7AF60B-4AE2-41E7-8797-33938AE0D5B1}.Release|Any CPU.Build.0 = Release|Any CPU
		{DFE9F24A-48EA-49EA-AA5B-C1E903F9B2F4}.Debug|Any CPU.ActiveCfg = Debug|Any CPU
		{DFE9F24A-48EA-49EA-AA5B-C1E903F9B2F4}.Debug|Any CPU.Build.0 = Debug|Any CPU
		{DFE9F24A-48EA-49EA-AA5B-C1E903F9B2F4}.Release|Any CPU.ActiveCfg = Release|Any CPU
		{DFE9F24A-48EA-49EA-AA5B-C1E903F9B2F4}.Release|Any CPU.Build.0 = Release|Any CPU
		{A4BD981A-DEAF-493C-8B3F-471A3EBDA4F0}.Debug|Any CPU.ActiveCfg = Debug|Any CPU
		{A4BD981A-DEAF-493C-8B3F-471A3EBDA4F0}.Debug|Any CPU.Build.0 = Debug|Any CPU
		{A4BD981A-DEAF-493C-8B3F-471A3EBDA4F0}.Release|Any CPU.ActiveCfg = Release|Any CPU
		{A4BD981A-DEAF-493C-8B3F-471A3EBDA4F0}.Release|Any CPU.Build.0 = Release|Any CPU
	EndGlobalSection
	GlobalSection(SolutionProperties) = preSolution
		HideSolutionNode = FALSE
	EndGlobalSection
	GlobalSection(ExtensibilityGlobals) = postSolution
		SolutionGuid = {BAFA67F8-93D3-4B82-8146-097A46CB35D6}
	EndGlobalSection
EndGlobal
