
Microsoft Visual Studio Solution File, Format Version 12.00
# Visual Studio 15
VisualStudioVersion = 15.0.27004.2005
MinimumVisualStudioVersion = 10.0.40219.1
Project("{FAE04EC0-301F-11D3-BF4B-00C04F79EFBC}") = "TravelBuddy.Services", "TravelBuddy.Services\TravelBuddy.Services.csproj", "{0EA7BCCE-A2AF-4E17-B437-9A59B6C8E19E}"
EndProject
Project("{FAE04EC0-301F-11D3-BF4B-00C04F79EFBC}") = "TravelBuddy.Models", "TravelBuddy.Models\TravelBuddy.Models.csproj", "{3A7AF60B-4AE2-41E7-8797-33938AE0D5B1}"
EndProject
Project("{FAE04EC0-301F-11D3-BF4B-00C04F79EFBC}") = "TravelBuddy.DAL", "TravelBuddy.DAL\TravelBuddy.DAL.csproj", "{DFE9F24A-48EA-49EA-AA5B-C1E903F9B2F4}"
EndProject
Project("{FAE04EC0-301F-11D3-BF4B-00C04F79EFBC}") = "TravelBuddy.Services.Tests", "TravelBuddy.Services.Tests\TravelBuddy.Services.Tests.csproj", "{A4BD981A-DEAF-493C-8B3F-471A3EBDA4F0}"
EndProject
Project("{FAE04EC0-301F-11D3-BF4B-00C04F79EFBC}") = "TravelBuddy.DAL.Tests", "TravelBuddy.DAL.Tests\TravelBuddy.DAL.Tests.csproj", "{66A15920-BEC0-49D1-86A8-7DB6F3AA016B}"
EndProject
Project("{FAE04EC0-301F-11D3-BF4B-00C04F79EFBC}") = "TravelBuddy.DesktopApp.Controllers", "TravelBuddy.DesktopApp.Controllers\TravelBuddy.DesktopApp.Controllers.csproj", "{6B2DD52C-52EA-4CFA-B8FA-F5981978CAFA}"
EndProject
Project("{FAE04EC0-301F-11D3-BF4B-00C04F79EFBC}") = "TravelBuddy.DesktopApp.PresentationLayer", "TravelBuddy.DesktopApp.PresentationLayer\TravelBuddy.DesktopApp.PresentationLayer.csproj", "{45324CCA-38EF-4A9F-9CF7-85B99221F597}"
EndProject
Project("{FAE04EC0-301F-11D3-BF4B-00C04F79EFBC}") = "TravelBuddy.BaseLib", "TravelBuddy.BaseLib\TravelBuddy.BaseLib.csproj", "{0a6bc699-68cb-4593-a56b-6257904a5d16}"
EndProject
Project("{FAE04EC0-301F-11D3-BF4B-00C04F79EFBC}") = "TravelBuddy.WebApp", "TravelBuddy.WebApp\TravelBuddy.WebApp.csproj", "{71DE2C33-9D97-428A-B963-2DC250D3E93B}"
EndProject
Global
	GlobalSection(SolutionConfigurationPlatforms) = preSolution
		Debug|Any CPU = Debug|Any CPU
		Release|Any CPU = Release|Any CPU
	EndGlobalSection
	GlobalSection(ProjectConfigurationPlatforms) = postSolution
		{0EA7BCCE-A2AF-4E17-B437-9A59B6C8E19E}.Debug|Any CPU.ActiveCfg = Debug|Any CPU
		{0EA7BCCE-A2AF-4E17-B437-9A59B6C8E19E}.Debug|Any CPU.Build.0 = Debug|Any CPU
		{0EA7BCCE-A2AF-4E17-B437-9A59B6C8E19E}.Release|Any CPU.ActiveCfg = Release|Any CPU
		{0EA7BCCE-A2AF-4E17-B437-9A59B6C8E19E}.Release|Any CPU.Build.0 = Release|Any CPU
		{3A7AF60B-4AE2-41E7-8797-33938AE0D5B1}.Debug|Any CPU.ActiveCfg = Debug|Any CPU
		{3A7AF60B-4AE2-41E7-8797-33938AE0D5B1}.Debug|Any CPU.Build.0 = Debug|Any CPU
		{3A7AF60B-4AE2-41E7-8797-33938AE0D5B1}.Release|Any CPU.ActiveCfg = Release|Any CPU
		{3A7AF60B-4AE2-41E7-8797-33938AE0D5B1}.Release|Any CPU.Build.0 = Release|Any CPU
		{DFE9F24A-48EA-49EA-AA5B-C1E903F9B2F4}.Debug|Any CPU.ActiveCfg = Debug|Any CPU
		{DFE9F24A-48EA-49EA-AA5B-C1E903F9B2F4}.Debug|Any CPU.Build.0 = Debug|Any CPU
		{DFE9F24A-48EA-49EA-AA5B-C1E903F9B2F4}.Release|Any CPU.ActiveCfg = Release|Any CPU
		{DFE9F24A-48EA-49EA-AA5B-C1E903F9B2F4}.Release|Any CPU.Build.0 = Release|Any CPU
		{A4BD981A-DEAF-493C-8B3F-471A3EBDA4F0}.Debug|Any CPU.ActiveCfg = Debug|Any CPU
		{A4BD981A-DEAF-493C-8B3F-471A3EBDA4F0}.Debug|Any CPU.Build.0 = Debug|Any CPU
		{A4BD981A-DEAF-493C-8B3F-471A3EBDA4F0}.Release|Any CPU.ActiveCfg = Release|Any CPU
		{A4BD981A-DEAF-493C-8B3F-471A3EBDA4F0}.Release|Any CPU.Build.0 = Release|Any CPU
		{66A15920-BEC0-49D1-86A8-7DB6F3AA016B}.Debug|Any CPU.ActiveCfg = Debug|Any CPU
		{66A15920-BEC0-49D1-86A8-7DB6F3AA016B}.Debug|Any CPU.Build.0 = Debug|Any CPU
		{66A15920-BEC0-49D1-86A8-7DB6F3AA016B}.Release|Any CPU.ActiveCfg = Release|Any CPU
		{66A15920-BEC0-49D1-86A8-7DB6F3AA016B}.Release|Any CPU.Build.0 = Release|Any CPU
		{6B2DD52C-52EA-4CFA-B8FA-F5981978CAFA}.Debug|Any CPU.ActiveCfg = Debug|Any CPU
		{6B2DD52C-52EA-4CFA-B8FA-F5981978CAFA}.Debug|Any CPU.Build.0 = Debug|Any CPU
		{6B2DD52C-52EA-4CFA-B8FA-F5981978CAFA}.Release|Any CPU.ActiveCfg = Release|Any CPU
		{6B2DD52C-52EA-4CFA-B8FA-F5981978CAFA}.Release|Any CPU.Build.0 = Release|Any CPU
		{45324CCA-38EF-4A9F-9CF7-85B99221F597}.Debug|Any CPU.ActiveCfg = Debug|Any CPU
		{45324CCA-38EF-4A9F-9CF7-85B99221F597}.Debug|Any CPU.Build.0 = Debug|Any CPU
		{45324CCA-38EF-4A9F-9CF7-85B99221F597}.Release|Any CPU.ActiveCfg = Release|Any CPU
		{45324CCA-38EF-4A9F-9CF7-85B99221F597}.Release|Any CPU.Build.0 = Release|Any CPU
		{0A6BC699-68CB-4593-A56B-6257904A5D16}.Debug|Any CPU.ActiveCfg = Debug|Any CPU
		{0A6BC699-68CB-4593-A56B-6257904A5D16}.Debug|Any CPU.Build.0 = Debug|Any CPU
		{0A6BC699-68CB-4593-A56B-6257904A5D16}.Release|Any CPU.ActiveCfg = Release|Any CPU
		{0A6BC699-68CB-4593-A56B-6257904A5D16}.Release|Any CPU.Build.0 = Release|Any CPU
		{71DE2C33-9D97-428A-B963-2DC250D3E93B}.Debug|Any CPU.ActiveCfg = Debug|Any CPU
		{71DE2C33-9D97-428A-B963-2DC250D3E93B}.Debug|Any CPU.Build.0 = Debug|Any CPU
		{71DE2C33-9D97-428A-B963-2DC250D3E93B}.Release|Any CPU.ActiveCfg = Release|Any CPU
		{71DE2C33-9D97-428A-B963-2DC250D3E93B}.Release|Any CPU.Build.0 = Release|Any CPU
	EndGlobalSection
	GlobalSection(SolutionProperties) = preSolution
		HideSolutionNode = FALSE
	EndGlobalSection
	GlobalSection(ExtensibilityGlobals) = postSolution
		SolutionGuid = {BAFA67F8-93D3-4B82-8146-097A46CB35D6}
	EndGlobalSection
EndGlobal
